<?xml version="1.0" encoding="utf-8"?>
<Project ToolsVersion="4.0" xmlns="http://schemas.microsoft.com/developer/msbuild/2003">
  <ItemGroup>
    <Filter Include="Source Files">
      <UniqueIdentifier>{4FC737F1-C7A5-4376-A066-2A32D752A2FF}</UniqueIdentifier>
      <Extensions>cpp;c;cc;cxx;def;odl;idl;hpj;bat;asm;asmx</Extensions>
    </Filter>
    <Filter Include="Header Files">
      <UniqueIdentifier>{93995380-89BD-4b04-88EB-625FBE52EBFB}</UniqueIdentifier>
      <Extensions>h;hpp;hxx;hm;inl;inc;xsd</Extensions>
    </Filter>
    <Filter Include="Resource Files">
      <UniqueIdentifier>{67DA6AB6-F800-4c08-8B7A-83BB121AAD01}</UniqueIdentifier>
      <Extensions>rc;ico;cur;bmp;dlg;rc2;rct;bin;rgs;gif;jpg;jpeg;jpe;resx;tiff;tif;png;wav;mfcribbon-ms</Extensions>
    </Filter>
    <Filter Include="Header Files\Copulas">
      <UniqueIdentifier>{cf673d5a-216d-45c8-83df-8290547c2b49}</UniqueIdentifier>
    </Filter>
    <Filter Include="Source Files\Copulas">
      <UniqueIdentifier>{7db01e53-6f7c-43f3-b56e-bd517bf654e3}</UniqueIdentifier>
    </Filter>
  </ItemGroup>
  <ItemGroup>
    <ClCompile Include="Console Test.cpp">
      <Filter>Source Files</Filter>
    </ClCompile>
    <ClCompile Include="NormalDist.cpp">
      <Filter>Source Files</Filter>
    </ClCompile>
    <ClCompile Include="tDist.cpp">
      <Filter>Source Files</Filter>
    </ClCompile>
    <ClCompile Include="UniformDistribution.cpp">
      <Filter>Source Files</Filter>
    </ClCompile>
    <ClCompile Include="AbstractDistribution.cpp">
      <Filter>Source Files</Filter>
    </ClCompile>
    <ClCompile Include="AbstractCopula.cpp">
      <Filter>Source Files\Copulas</Filter>
    </ClCompile>
    <ClCompile Include="GaussianCopula.cpp">
      <Filter>Source Files\Copulas</Filter>
    </ClCompile>
  </ItemGroup>
  <ItemGroup>
    <ClInclude Include="NormalDist.h">
      <Filter>Header Files</Filter>
    </ClInclude>
    <ClInclude Include="tDist.h">
      <Filter>Header Files</Filter>
    </ClInclude>
    <ClInclude Include="SpecialFunctions.hpp">
      <Filter>Header Files</Filter>
    </ClInclude>
    <ClInclude Include="UniformDistribution.h">
      <Filter>Header Files</Filter>
    </ClInclude>
    <ClInclude Include="AbstractDistribution.h">
      <Filter>Header Files</Filter>
    </ClInclude>
    <ClInclude Include="IndependenceCopula.h">
      <Filter>Header Files\Copulas</Filter>
    </ClInclude>
    <ClInclude Include="GaussianCopula.h">
      <Filter>Header Files\Copulas</Filter>
    </ClInclude>
    <ClInclude Include="AbsaractCopula.h">
      <Filter>Header Files\Copulas</Filter>
    </ClInclude>
  </ItemGroup>
</Project>